
Microsoft Visual Studio Solution File, Format Version 12.00
# Visual Studio Version 16
VisualStudioVersion = 16.0.30907.101
MinimumVisualStudioVersion = 10.0.40219.1
Project("{FAE04EC0-301F-11D3-BF4B-00C04F79EFBC}") = "eTicketsEase", "eTicketsEase\eTicketsEase.csproj", "{19EDD680-59DB-45B7-9FAD-A31E9F6F598E}"
EndProject
Global
	GlobalSection(SolutionConfigurationPlatforms) = preSolution
		Debug|Any CPU = Debug|Any CPU
		Release|Any CPU = Release|Any CPU
	EndGlobalSection
	GlobalSection(ProjectConfigurationPlatforms) = postSolution
		{19EDD680-59DB-45B7-9FAD-A31E9F6F598E}.Debug|Any CPU.ActiveCfg = Debug|Any CPU
		{19EDD680-59DB-45B7-9FAD-A31E9F6F598E}.Debug|Any CPU.Build.0 = Debug|Any CPU
		{19EDD680-59DB-45B7-9FAD-A31E9F6F598E}.Release|Any CPU.ActiveCfg = Release|Any CPU
		{19EDD680-59DB-45B7-9FAD-A31E9F6F598E}.Release|Any CPU.Build.0 = Release|Any CPU
	EndGlobalSection
	GlobalSection(SolutionProperties) = preSolution
		HideSolutionNode = FALSE
	EndGlobalSection
	GlobalSection(ExtensibilityGlobals) = postSolution
		SolutionGuid = {B91749B0-A21D-4A0E-A423-B37E87BD78C2}
	EndGlobalSection
EndGlobal
